{
  "originHash" : "37af85bfedcbd6da9061b72e938fc39c0d0a62c4de8af6e1888163be916e5b97",
  "pins" : [
    {
      "identity" : "alamofire",
      "kind" : "remoteSourceControl",
      "location" : "https://github.com/Alamofire/Alamofire",
      "state" : {
        "revision" : "513364f870f6bfc468f9d2ff0a95caccc10044c5",
        "version" : "5.10.2"
      }
    },
    {
      "identity" : "spm-nmapsgeometry",
      "kind" : "remoteSourceControl",
      "location" : "https://github.com/navermaps/SPM-NMapsGeometry.git",
      "state" : {
        "revision" : "436d5e2e684f557faf5ef5862fd6633a42d7af11",
        "version" : "1.0.2"
      }
    },
    {
      "identity" : "spm-nmapsmap",
      "kind" : "remoteSourceControl",
      "location" : "https://github.com/navermaps/SPM-NMapsMap",
      "state" : {
        "branch" : "main",
        "revision" : "0d1737119ac3277a19af83b29d5af901e81bf326"
      }
    }
  ],
  "version" : 3
}
